
Microsoft Visual Studio Solution File, Format Version 12.00
# Visual Studio Version 17
VisualStudioVersion = 17.14.36301.6
MinimumVisualStudioVersion = 10.0.40219.1
Project("{FAE04EC0-301F-11D3-BF4B-00C04F79EFBC}") = "IKYonetim.Varlıklar", "IKYonetim.Entity\IKYonetim.Varlıklar.csproj", "{A80C132B-C17A-4A2E-834B-0F625F7E8F4E}"
EndProject
Project("{FAE04EC0-301F-11D3-BF4B-00C04F79EFBC}") = "IKYonetim.Servisler", "IKYonetim.Business\IKYonetim.Servisler.csproj", "{DCCBEBA1-1FD4-4EE3-8B4B-5D9C0658ADF2}"
EndProject
Project("{FAE04EC0-301F-11D3-BF4B-00C04F79EFBC}") = "IKYonetim.VeriErisim", "IKYonetim.DataAccess\IKYonetim.VeriErisim.csproj", "{8223D46A-AD0D-40DA-A3FB-ED3FB0417BE6}"
EndProject
Project("{FAE04EC0-301F-11D3-BF4B-00C04F79EFBC}") = "IKYonetim.Arayuz", "IKYonetim.Arayuz\IKYonetim.Arayuz.csproj", "{709CDEED-B89A-4A95-94CC-C9C001D504F6}"
EndProject
Global
	GlobalSection(SolutionConfigurationPlatforms) = preSolution
		Debug|Any CPU = Debug|Any CPU
		Release|Any CPU = Release|Any CPU
	EndGlobalSection
	GlobalSection(ProjectConfigurationPlatforms) = postSolution
		{A80C132B-C17A-4A2E-834B-0F625F7E8F4E}.Debug|Any CPU.ActiveCfg = Debug|Any CPU
		{A80C132B-C17A-4A2E-834B-0F625F7E8F4E}.Debug|Any CPU.Build.0 = Debug|Any CPU
		{A80C132B-C17A-4A2E-834B-0F625F7E8F4E}.Release|Any CPU.ActiveCfg = Release|Any CPU
		{A80C132B-C17A-4A2E-834B-0F625F7E8F4E}.Release|Any CPU.Build.0 = Release|Any CPU
		{DCCBEBA1-1FD4-4EE3-8B4B-5D9C0658ADF2}.Debug|Any CPU.ActiveCfg = Debug|Any CPU
		{DCCBEBA1-1FD4-4EE3-8B4B-5D9C0658ADF2}.Debug|Any CPU.Build.0 = Debug|Any CPU
		{DCCBEBA1-1FD4-4EE3-8B4B-5D9C0658ADF2}.Release|Any CPU.ActiveCfg = Release|Any CPU
		{DCCBEBA1-1FD4-4EE3-8B4B-5D9C0658ADF2}.Release|Any CPU.Build.0 = Release|Any CPU
		{8223D46A-AD0D-40DA-A3FB-ED3FB0417BE6}.Debug|Any CPU.ActiveCfg = Debug|Any CPU
		{8223D46A-AD0D-40DA-A3FB-ED3FB0417BE6}.Debug|Any CPU.Build.0 = Debug|Any CPU
		{8223D46A-AD0D-40DA-A3FB-ED3FB0417BE6}.Release|Any CPU.ActiveCfg = Release|Any CPU
		{8223D46A-AD0D-40DA-A3FB-ED3FB0417BE6}.Release|Any CPU.Build.0 = Release|Any CPU
		{709CDEED-B89A-4A95-94CC-C9C001D504F6}.Debug|Any CPU.ActiveCfg = Debug|Any CPU
		{709CDEED-B89A-4A95-94CC-C9C001D504F6}.Debug|Any CPU.Build.0 = Debug|Any CPU
		{709CDEED-B89A-4A95-94CC-C9C001D504F6}.Release|Any CPU.ActiveCfg = Release|Any CPU
		{709CDEED-B89A-4A95-94CC-C9C001D504F6}.Release|Any CPU.Build.0 = Release|Any CPU
	EndGlobalSection
	GlobalSection(SolutionProperties) = preSolution
		HideSolutionNode = FALSE
	EndGlobalSection
	GlobalSection(ExtensibilityGlobals) = postSolution
		SolutionGuid = {286D6EF0-4F54-44AD-A9FD-819358174020}
	EndGlobalSection
EndGlobal
